
Microsoft Visual Studio Solution File, Format Version 12.00
# Visual Studio Version 16
VisualStudioVersion = 16.0.30907.101
MinimumVisualStudioVersion = 10.0.40219.1
Project("{8BC9CEB8-8B4A-11D0-8D11-00A0C91BC942}") = "AC_External", "AC_External\AC_External.vcxproj", "{AFE436AB-656A-4504-BB41-A73EB2CB86FA}"
EndProject
Global
	GlobalSection(SolutionConfigurationPlatforms) = preSolution
		Debug|x64 = Debug|x64
		Debug|x86 = Debug|x86
		Release|x64 = Release|x64
		Release|x86 = Release|x86
	EndGlobalSection
	GlobalSection(ProjectConfigurationPlatforms) = postSolution
		{AFE436AB-656A-4504-BB41-A73EB2CB86FA}.Debug|x64.ActiveCfg = Debug|x64
		{AFE436AB-656A-4504-BB41-A73EB2CB86FA}.Debug|x64.Build.0 = Debug|x64
		{AFE436AB-656A-4504-BB41-A73EB2CB86FA}.Debug|x86.ActiveCfg = Debug|Win32
		{AFE436AB-656A-4504-BB41-A73EB2CB86FA}.Debug|x86.Build.0 = Debug|Win32
		{AFE436AB-656A-4504-BB41-A73EB2CB86FA}.Release|x64.ActiveCfg = Release|x64
		{AFE436AB-656A-4504-BB41-A73EB2CB86FA}.Release|x64.Build.0 = Release|x64
		{AFE436AB-656A-4504-BB41-A73EB2CB86FA}.Release|x86.ActiveCfg = Release|Win32
		{AFE436AB-656A-4504-BB41-A73EB2CB86FA}.Release|x86.Build.0 = Release|Win32
	EndGlobalSection
	GlobalSection(SolutionProperties) = preSolution
		HideSolutionNode = FALSE
	EndGlobalSection
	GlobalSection(ExtensibilityGlobals) = postSolution
		SolutionGuid = {24CFAA80-24A8-4C4B-A12B-220E533835D4}
	EndGlobalSection
EndGlobal
